schema: '2.0'
stages:
  prepare:
    cmd: python -m fraud_scoring.prepare --input-path data/raw/transactions.csv 
      --output-path data/processed/validated.csv
    deps:
    - path: data/raw/transactions.csv
      hash: md5
      md5: b752c24368e715d38aaf208104edbe16
      size: 190420
    - path: src/fraud_scoring/data_validation.py
      hash: md5
      md5: f24de621a845ddf47a52842ee397a67e
      size: 17303
    - path: src/fraud_scoring/features.py
      hash: md5
      md5: 26343e01f9f0b022f663f5eebe6c977f
      size: 11316
    - path: src/fraud_scoring/prepare.py
      hash: md5
      md5: 63a463f47e1a1479e8ee5e1d3e973a16
      size: 1482
    outs:
    - path: data/processed/validated.csv
      hash: md5
      md5: b752c24368e715d38aaf208104edbe16
      size: 190420
  train:
    cmd: python -m fraud_scoring.train --config configs/dev.yaml --data-path 
      data/processed/validated.csv --output-path 
      artifacts/model/candidate.joblib
    deps:
    - path: configs/dev.yaml
      hash: md5
      md5: 55ced9554cbafda9cccf7747356533b5
      size: 1205
    - path: data/processed/validated.csv
      hash: md5
      md5: b752c24368e715d38aaf208104edbe16
      size: 190420
    - path: src/fraud_scoring/config.py
      hash: md5
      md5: d8a220f433c5a4bb2891501d1d10e801
      size: 6635
    - path: src/fraud_scoring/data_utils.py
      hash: md5
      md5: 6e260b28b51e2e569f72cea61119933b
      size: 290
    - path: src/fraud_scoring/data_validation.py
      hash: md5
      md5: f24de621a845ddf47a52842ee397a67e
      size: 17303
    - path: src/fraud_scoring/features.py
      hash: md5
      md5: 26343e01f9f0b022f663f5eebe6c977f
      size: 11316
    - path: src/fraud_scoring/train.py
      hash: md5
      md5: 3527a60decb5c26ecf8a7ff82d6a3fde
      size: 3759
    outs:
    - path: artifacts/model/candidate.joblib
      hash: md5
      md5: 25fcd9771f7a38d4ae7ecdf88cc9b94a
      size: 6579
  evaluate:
    cmd: python -m fraud_scoring.evaluate --config configs/dev.yaml --data-path 
      data/processed/validated.csv --model-path artifacts/model/candidate.joblib
      --output-path artifacts/evaluation/metrics.json
    deps:
    - path: artifacts/model/candidate.joblib
      hash: md5
      md5: 25fcd9771f7a38d4ae7ecdf88cc9b94a
      size: 6579
    - path: configs/dev.yaml
      hash: md5
      md5: 55ced9554cbafda9cccf7747356533b5
      size: 1205
    - path: data/processed/validated.csv
      hash: md5
      md5: b752c24368e715d38aaf208104edbe16
      size: 190420
    - path: src/fraud_scoring/config.py
      hash: md5
      md5: d8a220f433c5a4bb2891501d1d10e801
      size: 6635
    - path: src/fraud_scoring/data_utils.py
      hash: md5
      md5: 6e260b28b51e2e569f72cea61119933b
      size: 290
    - path: src/fraud_scoring/data_validation.py
      hash: md5
      md5: f24de621a845ddf47a52842ee397a67e
      size: 17303
    - path: src/fraud_scoring/evaluate.py
      hash: md5
      md5: 36b8cdcd5e36498a966ffa7cb8509e7c
      size: 5539
    - path: src/fraud_scoring/features.py
      hash: md5
      md5: 26343e01f9f0b022f663f5eebe6c977f
      size: 11316
    - path: src/fraud_scoring/train.py
      hash: md5
      md5: 3527a60decb5c26ecf8a7ff82d6a3fde
      size: 3759
    outs:
    - path: artifacts/evaluation/metrics.json
      hash: md5
      md5: d1f449cc69e4ea5daae8ae111c35a15a
      size: 352
