schema: '2.0'
stages:
  prepare:
    cmd: python -m fraud_scoring.prepare --input-path data/raw/transactions.csv 
      --output-path data/processed/validated.csv
    deps:
    - path: data/raw/transactions.csv
      hash: md5
      md5: b752c24368e715d38aaf208104edbe16
      size: 190420
    - path: src/fraud_scoring/data_validation.py
      hash: md5
      md5: f24de621a845ddf47a52842ee397a67e
      size: 17303
    - path: src/fraud_scoring/features.py
      hash: md5
      md5: 26343e01f9f0b022f663f5eebe6c977f
      size: 11316
    - path: src/fraud_scoring/prepare.py
      hash: md5
      md5: 63a463f47e1a1479e8ee5e1d3e973a16
      size: 1482
    outs:
    - path: data/processed/validated.csv
      hash: md5
      md5: b752c24368e715d38aaf208104edbe16
      size: 190420
  train:
    cmd: python -m fraud_scoring.train --data-path data/processed/validated.csv
      --output-path artifacts/model/candidate.joblib
    deps:
    - path: configs
      hash: md5
      md5: 3bdab8cdc7a77e0c066d13b85f3b7eab.dir
      size: 3589
      nfiles: 3
    - path: data/processed/validated.csv
      hash: md5
      md5: b752c24368e715d38aaf208104edbe16
      size: 190420
    - path: src/fraud_scoring/config.py
      hash: md5
      md5: 79741c85cee2a1375b9605589da20921
      size: 6453
    - path: src/fraud_scoring/data_utils.py
      hash: md5
      md5: 6e260b28b51e2e569f72cea61119933b
      size: 290
    - path: src/fraud_scoring/data_validation.py
      hash: md5
      md5: f24de621a845ddf47a52842ee397a67e
      size: 17303
    - path: src/fraud_scoring/features.py
      hash: md5
      md5: 26343e01f9f0b022f663f5eebe6c977f
      size: 11316
    - path: src/fraud_scoring/train.py
      hash: md5
      md5: 3527a60decb5c26ecf8a7ff82d6a3fde
      size: 3759
    outs:
    - path: artifacts/model/candidate.joblib
      hash: md5
      md5: 49ca9990c60276448ee544ad1479e207
      size: 6704
  evaluate:
    cmd: python -m fraud_scoring.evaluate --data-path
      data/processed/validated.csv --model-path artifacts/model/candidate.joblib
      --output-path artifacts/evaluation/metrics.json
    deps:
    - path: artifacts/model/candidate.joblib
      hash: md5
      md5: 49ca9990c60276448ee544ad1479e207
      size: 6704
    - path: configs
      hash: md5
      md5: 3bdab8cdc7a77e0c066d13b85f3b7eab.dir
      size: 3589
      nfiles: 3
    - path: data/processed/validated.csv
      hash: md5
      md5: b752c24368e715d38aaf208104edbe16
      size: 190420
    - path: src/fraud_scoring/config.py
      hash: md5
      md5: 79741c85cee2a1375b9605589da20921
      size: 6453
    - path: src/fraud_scoring/data_utils.py
      hash: md5
      md5: 6e260b28b51e2e569f72cea61119933b
      size: 290
    - path: src/fraud_scoring/data_validation.py
      hash: md5
      md5: f24de621a845ddf47a52842ee397a67e
      size: 17303
    - path: src/fraud_scoring/evaluate.py
      hash: md5
      md5: 36b8cdcd5e36498a966ffa7cb8509e7c
      size: 5539
    - path: src/fraud_scoring/features.py
      hash: md5
      md5: 26343e01f9f0b022f663f5eebe6c977f
      size: 11316
    - path: src/fraud_scoring/train.py
      hash: md5
      md5: 3527a60decb5c26ecf8a7ff82d6a3fde
      size: 3759
    outs:
    - path: artifacts/evaluation/metrics.json
      hash: md5
      md5: d1f449cc69e4ea5daae8ae111c35a15a
      size: 352
